{
  "name": "test-project",
  "version": "1.0.0",
  "lockfileVersion": 3,
  "packages": {
    "": {
      "name": "test-project",
      "version": "1.0.0"
    },
    "node_modules/lodash": {
      "version": "4.17.21",
      "resolved": "https://registry.npmjs.org/lodash/-/lodash-4.17.21.tgz"
    },
    "node_modules/@angular/core": {
      "version": "17.0.0",
      "resolved": "https://registry.npmjs.org/@angular/core/-/core-17.0.0.tgz"
    },
    "node_modules/jest": {
      "version": "29.7.0",
      "resolved": "https://registry.npmjs.org/jest/-/jest-29.7.0.tgz",
      "dev": true
    }
  }
}
